{
  "nodes": {
    "bsp-info": {
      "inputs": {
        "flake-utils": "flake-utils",
        "naersk": "naersk",
        "nixpkgs": [
          "nixpkgs"
        ]
      },
      "locked": {
        "lastModified": 1698015433,
        "narHash": "sha256-L98UB7TjBjjkMdPOrssPny+UULWf7LPaVzOPQFqRZqc=",
        "owner": "replaycoding",
        "repo": "bspinfo",
        "rev": "8cc27ff385b1856c0b16c2c71d7fded380cac003",
        "type": "github"
      },
      "original": {
        "owner": "replaycoding",
        "repo": "bspinfo",
        "type": "github"
      }
    },
    "convar-dumper": {
      "flake": false,
      "locked": {
        "lastModified": 1697477309,
        "narHash": "sha256-og/oljHQ/20Ny0GBpMrt1A+8vqZR925MW2xtFB/AXs4=",
        "ref": "refs/heads/convars",
        "rev": "1b93e20d3f35447d3e2ba601f95d03aec53e12be",
        "revCount": 24,
        "submodules": true,
        "type": "git",
        "url": "https://github.com/replaycoding/convar-dumper"
      },
      "original": {
        "submodules": true,
        "type": "git",
        "url": "https://github.com/replaycoding/convar-dumper"
      }
    },
    "dataminer": {
      "flake": false,
      "locked": {
        "lastModified": 1698104492,
        "narHash": "sha256-gpX39Xp7iSKvtumbRKyOwwjbd3JMOK08jQebm/3n/Vk=",
        "owner": "replaycoding",
        "repo": "tf2-dataminer",
        "rev": "db8d06b81617a04614a5ad5004b1c4035fca4298",
        "type": "github"
      },
      "original": {
        "owner": "replaycoding",
        "repo": "tf2-dataminer",
        "type": "github"
      }
    },
    "flake-compat": {
      "flake": false,
      "locked": {
        "lastModified": 1696426674,
        "narHash": "sha256-kvjfFW7WAETZlt09AgDn1MrtKzP7t90Vf7vypd3OL1U=",
        "owner": "edolstra",
        "repo": "flake-compat",
        "rev": "0f9255e01c2351cc7d116c072cb317785dd33b33",
        "type": "github"
      },
      "original": {
        "owner": "edolstra",
        "repo": "flake-compat",
        "type": "github"
      }
    },
    "flake-utils": {
      "inputs": {
        "systems": "systems"
      },
      "locked": {
        "lastModified": 1694529238,
        "narHash": "sha256-zsNZZGTGnMOf9YpHKJqMSsa0dXbfmxeoJ7xHlrt+xmY=",
        "owner": "numtide",
        "repo": "flake-utils",
        "rev": "ff7b65b44d01cf9ba6a71320833626af21126384",
        "type": "github"
      },
      "original": {
        "owner": "numtide",
        "repo": "flake-utils",
        "type": "github"
      }
    },
    "flake-utils_2": {
      "inputs": {
        "systems": "systems_2"
      },
      "locked": {
        "lastModified": 1694529238,
        "narHash": "sha256-zsNZZGTGnMOf9YpHKJqMSsa0dXbfmxeoJ7xHlrt+xmY=",
        "owner": "numtide",
        "repo": "flake-utils",
        "rev": "ff7b65b44d01cf9ba6a71320833626af21126384",
        "type": "github"
      },
      "original": {
        "owner": "numtide",
        "repo": "flake-utils",
        "type": "github"
      }
    },
    "naersk": {
      "inputs": {
        "nixpkgs": "nixpkgs"
      },
      "locked": {
        "lastModified": 1694081375,
        "narHash": "sha256-vzJXOUnmkMCm3xw8yfPP5m8kypQ3BhAIRe4RRCWpzy8=",
        "owner": "nix-community",
        "repo": "naersk",
        "rev": "3f976d822b7b37fc6fb8e6f157c2dd05e7e94e89",
        "type": "github"
      },
      "original": {
        "owner": "nix-community",
        "repo": "naersk",
        "type": "github"
      }
    },
    "nixpkgs": {
      "locked": {
        "lastModified": 1693723626,
        "narHash": "sha256-e6DnUnRT5aykzhme6wLUzYmSPw2G8j+RYwXluys2VJc=",
        "path": "/nix/store/h51vzlxfwkxj55dysf9iv98m1pz1jf4i-source",
        "rev": "5e9ff98d1dccbb391a9769b5dc660a5f6e39c18b",
        "type": "path"
      },
      "original": {
        "id": "nixpkgs",
        "type": "indirect"
      }
    },
    "nixpkgs_2": {
      "locked": {
        "lastModified": 1697851979,
        "narHash": "sha256-lJ8k4qkkwdvi+t/Xc6Fn74kUuobpu9ynPGxNZR6OwoA=",
        "owner": "NixOS",
        "repo": "nixpkgs",
        "rev": "5550a85a087c04ddcace7f892b0bdc9d8bb080c8",
        "type": "github"
      },
      "original": {
        "owner": "NixOS",
        "ref": "nixos-23.05",
        "repo": "nixpkgs",
        "type": "github"
      }
    },
    "pics-watcher": {
      "flake": false,
      "locked": {
        "lastModified": 1698005127,
        "narHash": "sha256-e3SOLjVu413UEQbudvU8554SNb+QdTx2OF++rO5jLig=",
        "owner": "replaycoding",
        "repo": "PICSWatcher",
        "rev": "6613ac16891bfacd1b2728a1759568049d3026d2",
        "type": "github"
      },
      "original": {
        "owner": "replaycoding",
        "repo": "PICSWatcher",
        "type": "github"
      }
    },
    "root": {
      "inputs": {
        "bsp-info": "bsp-info",
        "convar-dumper": "convar-dumper",
        "dataminer": "dataminer",
        "flake-compat": "flake-compat",
        "flake-utils": "flake-utils_2",
        "nixpkgs": "nixpkgs_2",
        "pics-watcher": "pics-watcher",
        "vice-standalone": "vice-standalone"
      }
    },
    "systems": {
      "locked": {
        "lastModified": 1681028828,
        "narHash": "sha256-Vy1rq5AaRuLzOxct8nz4T6wlgyUR7zLU309k9mBC768=",
        "owner": "nix-systems",
        "repo": "default",
        "rev": "da67096a3b9bf56a91d16901293e51ba5b49a27e",
        "type": "github"
      },
      "original": {
        "owner": "nix-systems",
        "repo": "default",
        "type": "github"
      }
    },
    "systems_2": {
      "locked": {
        "lastModified": 1681028828,
        "narHash": "sha256-Vy1rq5AaRuLzOxct8nz4T6wlgyUR7zLU309k9mBC768=",
        "owner": "nix-systems",
        "repo": "default",
        "rev": "da67096a3b9bf56a91d16901293e51ba5b49a27e",
        "type": "github"
      },
      "original": {
        "owner": "nix-systems",
        "repo": "default",
        "type": "github"
      }
    },
    "vice-standalone": {
      "flake": false,
      "locked": {
        "lastModified": 1692215917,
        "narHash": "sha256-Yqu4Mgyj+3KF5fgbfrhNV9f3QQENzNqV3+8KU5NgXdE=",
        "owner": "replaycoding",
        "repo": "vice_standalone",
        "rev": "4d9751934594f8901f6619575655ada052009e9c",
        "type": "github"
      },
      "original": {
        "owner": "replaycoding",
        "repo": "vice_standalone",
        "type": "github"
      }
    }
  },
  "root": "root",
  "version": 7
}
