{
  "nodes": {
    "convar-dumper": {
      "flake": false,
      "locked": {
        "lastModified": 1692580931,
        "narHash": "sha256-+5+HrlhfZmnZrNk6Mmw0x7Iimkp3JKeOF0WPghXHFT8=",
        "ref": "refs/heads/convars",
        "rev": "aeb25209d91d327e41106eab0393130719e05f35",
        "revCount": 23,
        "submodules": true,
        "type": "git",
        "url": "https://github.com/replaycoding/convar-dumper"
      },
      "original": {
        "submodules": true,
        "type": "git",
        "url": "https://github.com/replaycoding/convar-dumper"
      }
    },
    "dataminer": {
      "flake": false,
      "locked": {
        "lastModified": 1695518161,
        "narHash": "sha256-cGHIGZHfXp0jbDO6pfR0tzpD4Kwt0krkIi/uP6gi/pw=",
        "owner": "replaycoding",
        "repo": "tf2-dataminer",
        "rev": "8ad54accecc2a25cdc0098f789d355e3a1813a6d",
        "type": "github"
      },
      "original": {
        "owner": "replaycoding",
        "repo": "tf2-dataminer",
        "type": "github"
      }
    },
    "flake-compat": {
      "flake": false,
      "locked": {
        "lastModified": 1673956053,
        "narHash": "sha256-4gtG9iQuiKITOjNQQeQIpoIB6b16fm+504Ch3sNKLd8=",
        "owner": "edolstra",
        "repo": "flake-compat",
        "rev": "35bb57c0c8d8b62bbfd284272c928ceb64ddbde9",
        "type": "github"
      },
      "original": {
        "owner": "edolstra",
        "repo": "flake-compat",
        "type": "github"
      }
    },
    "flake-utils": {
      "inputs": {
        "systems": "systems"
      },
      "locked": {
        "lastModified": 1694529238,
        "narHash": "sha256-zsNZZGTGnMOf9YpHKJqMSsa0dXbfmxeoJ7xHlrt+xmY=",
        "owner": "numtide",
        "repo": "flake-utils",
        "rev": "ff7b65b44d01cf9ba6a71320833626af21126384",
        "type": "github"
      },
      "original": {
        "owner": "numtide",
        "repo": "flake-utils",
        "type": "github"
      }
    },
    "nixpkgs": {
      "locked": {
        "lastModified": 1695559356,
        "narHash": "sha256-kXZ1pUoImD9OEbPCwpTz4tHsNTr4CIyIfXb3ocuR8sI=",
        "owner": "NixOS",
        "repo": "nixpkgs",
        "rev": "261abe8a44a7e8392598d038d2e01f7b33cf26d0",
        "type": "github"
      },
      "original": {
        "owner": "NixOS",
        "ref": "nixos-23.05",
        "repo": "nixpkgs",
        "type": "github"
      }
    },
    "pics-watcher": {
      "flake": false,
      "locked": {
        "lastModified": 1696606836,
        "narHash": "sha256-/pkvn8kN//B5lD0INd8bQ9sRBCU9h22ts84i0paHzF0=",
        "owner": "replaycoding",
        "repo": "PICSWatcher",
        "rev": "ce6d8be05015e84374251c310ca867f043f107c7",
        "type": "github"
      },
      "original": {
        "owner": "replaycoding",
        "repo": "PICSWatcher",
        "type": "github"
      }
    },
    "root": {
      "inputs": {
        "convar-dumper": "convar-dumper",
        "dataminer": "dataminer",
        "flake-compat": "flake-compat",
        "flake-utils": "flake-utils",
        "nixpkgs": "nixpkgs",
        "pics-watcher": "pics-watcher",
        "vice-standalone": "vice-standalone"
      }
    },
    "systems": {
      "locked": {
        "lastModified": 1681028828,
        "narHash": "sha256-Vy1rq5AaRuLzOxct8nz4T6wlgyUR7zLU309k9mBC768=",
        "owner": "nix-systems",
        "repo": "default",
        "rev": "da67096a3b9bf56a91d16901293e51ba5b49a27e",
        "type": "github"
      },
      "original": {
        "owner": "nix-systems",
        "repo": "default",
        "type": "github"
      }
    },
    "vice-standalone": {
      "flake": false,
      "locked": {
        "lastModified": 1692215917,
        "narHash": "sha256-Yqu4Mgyj+3KF5fgbfrhNV9f3QQENzNqV3+8KU5NgXdE=",
        "owner": "replaycoding",
        "repo": "vice_standalone",
        "rev": "4d9751934594f8901f6619575655ada052009e9c",
        "type": "github"
      },
      "original": {
        "owner": "replaycoding",
        "repo": "vice_standalone",
        "type": "github"
      }
    }
  },
  "root": "root",
  "version": 7
}
