{
  "nodes": {
    "convar-dumper": {
      "flake": false,
      "locked": {
        "lastModified": 1692580931,
        "narHash": "sha256-+5+HrlhfZmnZrNk6Mmw0x7Iimkp3JKeOF0WPghXHFT8=",
        "ref": "refs/heads/convars",
        "rev": "aeb25209d91d327e41106eab0393130719e05f35",
        "revCount": 23,
        "submodules": true,
        "type": "git",
        "url": "https://github.com/replaycoding/convar-dumper"
      },
      "original": {
        "submodules": true,
        "type": "git",
        "url": "https://github.com/replaycoding/convar-dumper"
      }
    },
    "dataminer": {
      "flake": false,
      "locked": {
        "lastModified": 1693432924,
        "narHash": "sha256-gEXIIaRskOXdweOCj9JUnbFV0MGcf8qD2UbhHO79Yy8=",
        "owner": "replaycoding",
        "repo": "tf2-dataminer",
        "rev": "95c03a09844f0aa5a96d5be510f7077654b012e5",
        "type": "github"
      },
      "original": {
        "owner": "replaycoding",
        "repo": "tf2-dataminer",
        "type": "github"
      }
    },
    "flake-utils": {
      "inputs": {
        "systems": "systems"
      },
      "locked": {
        "lastModified": 1692799911,
        "narHash": "sha256-3eihraek4qL744EvQXsK1Ha6C3CR7nnT8X2qWap4RNk=",
        "owner": "numtide",
        "repo": "flake-utils",
        "rev": "f9e7cf818399d17d347f847525c5a5a8032e4e44",
        "type": "github"
      },
      "original": {
        "owner": "numtide",
        "repo": "flake-utils",
        "type": "github"
      }
    },
    "nixpkgs": {
      "locked": {
        "lastModified": 1693636127,
        "narHash": "sha256-ZlS/lFGzK7BJXX2YVGnP3yZi3T9OLOEtBCyMJsb91U8=",
        "owner": "NixOS",
        "repo": "nixpkgs",
        "rev": "9075cba53e86dc318d159aee55dc9a7c9a4829c1",
        "type": "github"
      },
      "original": {
        "owner": "NixOS",
        "ref": "nixos-23.05",
        "repo": "nixpkgs",
        "type": "github"
      }
    },
    "pics-watcher": {
      "flake": false,
      "locked": {
        "lastModified": 1693695697,
        "narHash": "sha256-Kg2yHruPcr3beNqqAM2tuv2fsyFHlpTWeVXpIuSIEH0=",
        "owner": "replaycoding",
        "repo": "PICSWatcher",
        "rev": "42076be1bcf4388de821f87cd6d608f6422e7358",
        "type": "github"
      },
      "original": {
        "owner": "replaycoding",
        "repo": "PICSWatcher",
        "type": "github"
      }
    },
    "root": {
      "inputs": {
        "convar-dumper": "convar-dumper",
        "dataminer": "dataminer",
        "flake-utils": "flake-utils",
        "nixpkgs": "nixpkgs",
        "pics-watcher": "pics-watcher",
        "vice-standalone": "vice-standalone"
      }
    },
    "systems": {
      "locked": {
        "lastModified": 1681028828,
        "narHash": "sha256-Vy1rq5AaRuLzOxct8nz4T6wlgyUR7zLU309k9mBC768=",
        "owner": "nix-systems",
        "repo": "default",
        "rev": "da67096a3b9bf56a91d16901293e51ba5b49a27e",
        "type": "github"
      },
      "original": {
        "owner": "nix-systems",
        "repo": "default",
        "type": "github"
      }
    },
    "vice-standalone": {
      "flake": false,
      "locked": {
        "lastModified": 1692215917,
        "narHash": "sha256-Yqu4Mgyj+3KF5fgbfrhNV9f3QQENzNqV3+8KU5NgXdE=",
        "owner": "replaycoding",
        "repo": "vice_standalone",
        "rev": "4d9751934594f8901f6619575655ada052009e9c",
        "type": "github"
      },
      "original": {
        "owner": "replaycoding",
        "repo": "vice_standalone",
        "type": "github"
      }
    }
  },
  "root": "root",
  "version": 7
}
